
Microsoft Visual Studio Solution File, Format Version 12.00
# Visual Studio 14
VisualStudioVersion = 14.0.23107.0
MinimumVisualStudioVersion = 10.0.40219.1
Project("{2150E333-8FDC-42A3-9474-1A3956D46DE8}") = "DAL", "DAL", "{314B0CDF-E7FB-41D4-83CE-BD55E7F0A1A5}"
EndProject
Project("{FAE04EC0-301F-11D3-BF4B-00C04F79EFBC}") = "BM.DAL.Core", "BM.DAL.Core\BM.DAL.Core.csproj", "{B9E95525-4356-4112-A243-5E2A22E77F53}"
EndProject
Project("{FAE04EC0-301F-11D3-BF4B-00C04F79EFBC}") = "BM.DAL.Core.SQL.Dapper", "BM.DAL.Core.SQL.Dapper\BM.DAL.Core.SQL.Dapper.csproj", "{53BA966C-F812-491A-98FD-1B1863DBACF0}"
EndProject
Project("{2150E333-8FDC-42A3-9474-1A3956D46DE8}") = "Shared", "Shared", "{D985F844-E6D6-49B4-BBED-1234DAD05273}"
EndProject
Project("{FAE04EC0-301F-11D3-BF4B-00C04F79EFBC}") = "BM.Shared.Models", "BM.Shared.Models\BM.Shared.Models.csproj", "{A419A19D-9D85-4E56-9CAF-DA1B1DFF0363}"
EndProject
Project("{FAE04EC0-301F-11D3-BF4B-00C04F79EFBC}") = "BM.DAL.Core.SQL.Dapper.Repos", "BM.DAL.Core.SQL.Dapper.Repos\BM.DAL.Core.SQL.Dapper.Repos.csproj", "{17492145-042D-48E3-BF8D-B04111032332}"
EndProject
Project("{FAE04EC0-301F-11D3-BF4B-00C04F79EFBC}") = "BM.Website", "BM.Website\BM.Website.csproj", "{FE2E6C28-4F70-4F06-8900-84AF58446156}"
EndProject
Project("{2150E333-8FDC-42A3-9474-1A3956D46DE8}") = "DB", "DB", "{B579A74B-AB11-4585-B524-04080582204E}"
EndProject
Project("{00D1A9C2-B5F0-4AF3-8072-F6C62B433612}") = "BM.DB", "BM.DB\BM.DB.sqlproj", "{85A303FE-9044-465E-9997-3E5E3B1E5EC9}"
EndProject
Project("{FAE04EC0-301F-11D3-BF4B-00C04F79EFBC}") = "BM.DAL.Core.NoSQL.Redis", "BM.DAL.Core.NoSQL.Redis\BM.DAL.Core.NoSQL.Redis.csproj", "{B5F44F24-4735-470C-B7E8-B5D443EFE766}"
EndProject
Project("{FAE04EC0-301F-11D3-BF4B-00C04F79EFBC}") = "BM.DAL.Core.NoSQL.Redis.Repos", "BM.DAL.Core.NoSQL.Redis.Repos\BM.DAL.Core.NoSQL.Redis.Repos.csproj", "{7AC93C6A-A007-4CDB-985D-15D9626E7114}"
EndProject
Global
	GlobalSection(SolutionConfigurationPlatforms) = preSolution
		Debug|Any CPU = Debug|Any CPU
		Release|Any CPU = Release|Any CPU
	EndGlobalSection
	GlobalSection(ProjectConfigurationPlatforms) = postSolution
		{B9E95525-4356-4112-A243-5E2A22E77F53}.Debug|Any CPU.ActiveCfg = Debug|Any CPU
		{B9E95525-4356-4112-A243-5E2A22E77F53}.Debug|Any CPU.Build.0 = Debug|Any CPU
		{B9E95525-4356-4112-A243-5E2A22E77F53}.Release|Any CPU.ActiveCfg = Release|Any CPU
		{B9E95525-4356-4112-A243-5E2A22E77F53}.Release|Any CPU.Build.0 = Release|Any CPU
		{53BA966C-F812-491A-98FD-1B1863DBACF0}.Debug|Any CPU.ActiveCfg = Debug|Any CPU
		{53BA966C-F812-491A-98FD-1B1863DBACF0}.Debug|Any CPU.Build.0 = Debug|Any CPU
		{53BA966C-F812-491A-98FD-1B1863DBACF0}.Release|Any CPU.ActiveCfg = Release|Any CPU
		{53BA966C-F812-491A-98FD-1B1863DBACF0}.Release|Any CPU.Build.0 = Release|Any CPU
		{A419A19D-9D85-4E56-9CAF-DA1B1DFF0363}.Debug|Any CPU.ActiveCfg = Debug|Any CPU
		{A419A19D-9D85-4E56-9CAF-DA1B1DFF0363}.Debug|Any CPU.Build.0 = Debug|Any CPU
		{A419A19D-9D85-4E56-9CAF-DA1B1DFF0363}.Release|Any CPU.ActiveCfg = Release|Any CPU
		{A419A19D-9D85-4E56-9CAF-DA1B1DFF0363}.Release|Any CPU.Build.0 = Release|Any CPU
		{17492145-042D-48E3-BF8D-B04111032332}.Debug|Any CPU.ActiveCfg = Debug|Any CPU
		{17492145-042D-48E3-BF8D-B04111032332}.Debug|Any CPU.Build.0 = Debug|Any CPU
		{17492145-042D-48E3-BF8D-B04111032332}.Release|Any CPU.ActiveCfg = Release|Any CPU
		{17492145-042D-48E3-BF8D-B04111032332}.Release|Any CPU.Build.0 = Release|Any CPU
		{FE2E6C28-4F70-4F06-8900-84AF58446156}.Debug|Any CPU.ActiveCfg = Debug|Any CPU
		{FE2E6C28-4F70-4F06-8900-84AF58446156}.Debug|Any CPU.Build.0 = Debug|Any CPU
		{FE2E6C28-4F70-4F06-8900-84AF58446156}.Release|Any CPU.ActiveCfg = Release|Any CPU
		{FE2E6C28-4F70-4F06-8900-84AF58446156}.Release|Any CPU.Build.0 = Release|Any CPU
		{85A303FE-9044-465E-9997-3E5E3B1E5EC9}.Debug|Any CPU.ActiveCfg = Debug|Any CPU
		{85A303FE-9044-465E-9997-3E5E3B1E5EC9}.Debug|Any CPU.Build.0 = Debug|Any CPU
		{85A303FE-9044-465E-9997-3E5E3B1E5EC9}.Debug|Any CPU.Deploy.0 = Debug|Any CPU
		{85A303FE-9044-465E-9997-3E5E3B1E5EC9}.Release|Any CPU.ActiveCfg = Release|Any CPU
		{85A303FE-9044-465E-9997-3E5E3B1E5EC9}.Release|Any CPU.Build.0 = Release|Any CPU
		{85A303FE-9044-465E-9997-3E5E3B1E5EC9}.Release|Any CPU.Deploy.0 = Release|Any CPU
		{B5F44F24-4735-470C-B7E8-B5D443EFE766}.Debug|Any CPU.ActiveCfg = Debug|Any CPU
		{B5F44F24-4735-470C-B7E8-B5D443EFE766}.Debug|Any CPU.Build.0 = Debug|Any CPU
		{B5F44F24-4735-470C-B7E8-B5D443EFE766}.Release|Any CPU.ActiveCfg = Release|Any CPU
		{B5F44F24-4735-470C-B7E8-B5D443EFE766}.Release|Any CPU.Build.0 = Release|Any CPU
		{7AC93C6A-A007-4CDB-985D-15D9626E7114}.Debug|Any CPU.ActiveCfg = Debug|Any CPU
		{7AC93C6A-A007-4CDB-985D-15D9626E7114}.Debug|Any CPU.Build.0 = Debug|Any CPU
		{7AC93C6A-A007-4CDB-985D-15D9626E7114}.Release|Any CPU.ActiveCfg = Release|Any CPU
		{7AC93C6A-A007-4CDB-985D-15D9626E7114}.Release|Any CPU.Build.0 = Release|Any CPU
	EndGlobalSection
	GlobalSection(SolutionProperties) = preSolution
		HideSolutionNode = FALSE
	EndGlobalSection
	GlobalSection(NestedProjects) = preSolution
		{B9E95525-4356-4112-A243-5E2A22E77F53} = {314B0CDF-E7FB-41D4-83CE-BD55E7F0A1A5}
		{53BA966C-F812-491A-98FD-1B1863DBACF0} = {314B0CDF-E7FB-41D4-83CE-BD55E7F0A1A5}
		{A419A19D-9D85-4E56-9CAF-DA1B1DFF0363} = {D985F844-E6D6-49B4-BBED-1234DAD05273}
		{17492145-042D-48E3-BF8D-B04111032332} = {314B0CDF-E7FB-41D4-83CE-BD55E7F0A1A5}
		{85A303FE-9044-465E-9997-3E5E3B1E5EC9} = {B579A74B-AB11-4585-B524-04080582204E}
		{B5F44F24-4735-470C-B7E8-B5D443EFE766} = {314B0CDF-E7FB-41D4-83CE-BD55E7F0A1A5}
		{7AC93C6A-A007-4CDB-985D-15D9626E7114} = {314B0CDF-E7FB-41D4-83CE-BD55E7F0A1A5}
	EndGlobalSection
EndGlobal
